Microsoft Visual Studio Solution File, Format Version 12.00
# Visual Studio Version 17
VisualStudioVersion = 17.5.2.0
MinimumVisualStudioVersion = 10.0.40219.1
Project("{2150E333-8FDC-42A3-9474-1A3956D46DE8}") = "tools", "tools", "{07C2787E-EAC7-C090-1BA3-A61EC2A24D84}"
EndProject
Project("{FAE04EC0-301F-11D3-BF4B-00C04F79EFBC}") = "VLFLib", "VLFLib\VLFLib.csproj", "{17597520-4662-28C2-FA16-6CFEB3685375}"
EndProject
Project("{FAE04EC0-301F-11D3-BF4B-00C04F79EFBC}") = "VLFSignalTool", "VLFSignalTool\VLFSignalTool.csproj", "{DA859610-07D1-2668-B156-20E49E475B12}"
EndProject
Global
	GlobalSection(SolutionConfigurationPlatforms) = preSolution
		Debug|Any CPU = Debug|Any CPU
		Release|Any CPU = Release|Any CPU
	EndGlobalSection
	GlobalSection(ProjectConfigurationPlatforms) = postSolution
		{17597520-4662-28C2-FA16-6CFEB3685375}.Debug|Any CPU.ActiveCfg = Debug|Any CPU
		{17597520-4662-28C2-FA16-6CFEB3685375}.Debug|Any CPU.Build.0 = Debug|Any CPU
		{17597520-4662-28C2-FA16-6CFEB3685375}.Release|Any CPU.ActiveCfg = Release|Any CPU
		{17597520-4662-28C2-FA16-6CFEB3685375}.Release|Any CPU.Build.0 = Release|Any CPU
		{DA859610-07D1-2668-B156-20E49E475B12}.Debug|Any CPU.ActiveCfg = Debug|Any CPU
		{DA859610-07D1-2668-B156-20E49E475B12}.Debug|Any CPU.Build.0 = Debug|Any CPU
		{DA859610-07D1-2668-B156-20E49E475B12}.Release|Any CPU.ActiveCfg = Release|Any CPU
		{DA859610-07D1-2668-B156-20E49E475B12}.Release|Any CPU.Build.0 = Release|Any CPU
	EndGlobalSection
	GlobalSection(SolutionProperties) = preSolution
		HideSolutionNode = FALSE
	EndGlobalSection
	GlobalSection(NestedProjects) = preSolution
		{17597520-4662-28C2-FA16-6CFEB3685375} = {07C2787E-EAC7-C090-1BA3-A61EC2A24D84}
		{DA859610-07D1-2668-B156-20E49E475B12} = {07C2787E-EAC7-C090-1BA3-A61EC2A24D84}
	EndGlobalSection
	GlobalSection(ExtensibilityGlobals) = postSolution
		SolutionGuid = {5D9BCAD2-70C0-4AA4-8030-D8A982579C18}
	EndGlobalSection
EndGlobal
